
Microsoft Visual Studio Solution File, Format Version 12.00
# Visual Studio Version 16
VisualStudioVersion = 16.0.34114.132
MinimumVisualStudioVersion = 10.0.40219.1
Project("{FAE04EC0-301F-11D3-BF4B-00C04F79EFBC}") = "Common", "Common\Common.csproj", "{D19A4DD8-1591-4008-9043-D0B9A89340EE}"
EndProject
Project("{FAE04EC0-301F-11D3-BF4B-00C04F79EFBC}") = "Data", "Data\Data.csproj", "{49F7320B-5B7A-40E4-9AF5-C12E33080583}"
EndProject
Project("{FAE04EC0-301F-11D3-BF4B-00C04F79EFBC}") = "Model", "Model\Model.csproj", "{A40DE33F-DCD2-4FA1-B95C-473092E10F0D}"
EndProject
Project("{FAE04EC0-301F-11D3-BF4B-00C04F79EFBC}") = "Service", "Service\Service.csproj", "{8CD57216-89FF-41AA-94B5-3C565D42DA67}"
EndProject
Project("{FAE04EC0-301F-11D3-BF4B-00C04F79EFBC}") = "UnitTest", "UnitTest\UnitTest.csproj", "{EAE5FA4D-42E9-4DA0-A809-1C90B218AFF9}"
EndProject
Project("{FAE04EC0-301F-11D3-BF4B-00C04F79EFBC}") = "Web", "Web\Web.csproj", "{8C3E49AB-7D13-4C5F-A95D-DEA881D69424}"
EndProject
Global
	GlobalSection(SolutionConfigurationPlatforms) = preSolution
		Debug|Any CPU = Debug|Any CPU
		Release|Any CPU = Release|Any CPU
	EndGlobalSection
	GlobalSection(ProjectConfigurationPlatforms) = postSolution
		{D19A4DD8-1591-4008-9043-D0B9A89340EE}.Debug|Any CPU.ActiveCfg = Debug|Any CPU
		{D19A4DD8-1591-4008-9043-D0B9A89340EE}.Debug|Any CPU.Build.0 = Debug|Any CPU
		{D19A4DD8-1591-4008-9043-D0B9A89340EE}.Release|Any CPU.ActiveCfg = Release|Any CPU
		{D19A4DD8-1591-4008-9043-D0B9A89340EE}.Release|Any CPU.Build.0 = Release|Any CPU
		{49F7320B-5B7A-40E4-9AF5-C12E33080583}.Debug|Any CPU.ActiveCfg = Debug|Any CPU
		{49F7320B-5B7A-40E4-9AF5-C12E33080583}.Debug|Any CPU.Build.0 = Debug|Any CPU
		{49F7320B-5B7A-40E4-9AF5-C12E33080583}.Release|Any CPU.ActiveCfg = Release|Any CPU
		{49F7320B-5B7A-40E4-9AF5-C12E33080583}.Release|Any CPU.Build.0 = Release|Any CPU
		{A40DE33F-DCD2-4FA1-B95C-473092E10F0D}.Debug|Any CPU.ActiveCfg = Debug|Any CPU
		{A40DE33F-DCD2-4FA1-B95C-473092E10F0D}.Debug|Any CPU.Build.0 = Debug|Any CPU
		{A40DE33F-DCD2-4FA1-B95C-473092E10F0D}.Release|Any CPU.ActiveCfg = Release|Any CPU
		{A40DE33F-DCD2-4FA1-B95C-473092E10F0D}.Release|Any CPU.Build.0 = Release|Any CPU
		{8CD57216-89FF-41AA-94B5-3C565D42DA67}.Debug|Any CPU.ActiveCfg = Debug|Any CPU
		{8CD57216-89FF-41AA-94B5-3C565D42DA67}.Debug|Any CPU.Build.0 = Debug|Any CPU
		{8CD57216-89FF-41AA-94B5-3C565D42DA67}.Release|Any CPU.ActiveCfg = Release|Any CPU
		{8CD57216-89FF-41AA-94B5-3C565D42DA67}.Release|Any CPU.Build.0 = Release|Any CPU
		{EAE5FA4D-42E9-4DA0-A809-1C90B218AFF9}.Debug|Any CPU.ActiveCfg = Debug|Any CPU
		{EAE5FA4D-42E9-4DA0-A809-1C90B218AFF9}.Debug|Any CPU.Build.0 = Debug|Any CPU
		{EAE5FA4D-42E9-4DA0-A809-1C90B218AFF9}.Release|Any CPU.ActiveCfg = Release|Any CPU
		{EAE5FA4D-42E9-4DA0-A809-1C90B218AFF9}.Release|Any CPU.Build.0 = Release|Any CPU
		{8C3E49AB-7D13-4C5F-A95D-DEA881D69424}.Debug|Any CPU.ActiveCfg = Debug|Any CPU
		{8C3E49AB-7D13-4C5F-A95D-DEA881D69424}.Debug|Any CPU.Build.0 = Debug|Any CPU
		{8C3E49AB-7D13-4C5F-A95D-DEA881D69424}.Release|Any CPU.ActiveCfg = Release|Any CPU
		{8C3E49AB-7D13-4C5F-A95D-DEA881D69424}.Release|Any CPU.Build.0 = Release|Any CPU
	EndGlobalSection
	GlobalSection(SolutionProperties) = preSolution
		HideSolutionNode = FALSE
	EndGlobalSection
	GlobalSection(ExtensibilityGlobals) = postSolution
		SolutionGuid = {0ED0E839-A6F9-4205-8343-D31B3632ECD6}
	EndGlobalSection
EndGlobal
